
Microsoft Visual Studio Solution File, Format Version 12.00
# Visual Studio Version 17
VisualStudioVersion = 17.11.35327.3
MinimumVisualStudioVersion = 10.0.40219.1
Project("{FAE04EC0-301F-11D3-BF4B-00C04F79EFBC}") = "SimpleNINAPlugin", "SimpleNINAPlugin.csproj", "{C50B3872-16D1-4D8F-A052-23AAA5CDDC0A}"
EndProject
Global
	GlobalSection(SolutionConfigurationPlatforms) = preSolution
		Debug|Any CPU = Debug|Any CPU
		Release|Any CPU = Release|Any CPU
	EndGlobalSection
	GlobalSection(ProjectConfigurationPlatforms) = postSolution
		{C50B3872-16D1-4D8F-A052-23AAA5CDDC0A}.Debug|Any CPU.ActiveCfg = Debug|Any CPU
		{C50B3872-16D1-4D8F-A052-23AAA5CDDC0A}.Debug|Any CPU.Build.0 = Debug|Any CPU
		{C50B3872-16D1-4D8F-A052-23AAA5CDDC0A}.Release|Any CPU.ActiveCfg = Release|Any CPU
		{C50B3872-16D1-4D8F-A052-23AAA5CDDC0A}.Release|Any CPU.Build.0 = Release|Any CPU
	EndGlobalSection
	GlobalSection(SolutionProperties) = preSolution
		HideSolutionNode = FALSE
	EndGlobalSection
	GlobalSection(ExtensibilityGlobals) = postSolution
		SolutionGuid = {2C84F57F-2C10-4F63-9BFC-C557CE40D24C}
	EndGlobalSection
EndGlobal
